{
    "_readme": [
        "This file locks the dependencies of your project to a known state",
        "Read more about it at https://getcomposer.org/doc/01-basic-usage.md#composer-lock-the-lock-file",
        "This file is @generated automatically"
    ],
    "hash": "9d932124e40efc3921daf4b4ebc54709",
    "content-hash": "c4d7cd2694ba719b4b99b89bf270da11",
    "packages": [
        {
            "name": "amphp/aerys",
            "version": "dev-amp_v2",
            "source": {
                "type": "git",
                "url": "https://github.com/amphp/aerys.git",
                "reference": "c57215700285bd131b1866650d19cf4113609bcf"
            },
            "dist": {
                "type": "zip",
                "url": "https://api.github.com/repos/amphp/aerys/zipball/c57215700285bd131b1866650d19cf4113609bcf",
                "reference": "c57215700285bd131b1866650d19cf4113609bcf",
                "shasum": ""
            },
            "require": {
                "amphp/amp": "^2",
                "amphp/byte-stream": "dev-master",
                "amphp/file": "dev-amp_v2",
                "amphp/socket": "dev-amp_v2",
                "league/climate": "^3",
                "nikic/fast-route": "^1",
                "php": ">=7",
                "psr/log": "^1"
            },
            "require-dev": {
                "amphp/artax": "dev-amp_v2",
                "amphp/phpunit-util": "dev-master",
                "friendsofphp/php-cs-fixer": "~1.9",
                "http2jp/hpack-test-case": "1.0",
                "phpunit/phpunit": "^6.0"
            },
            "bin": [
                "bin/aerys"
            ],
            "type": "library",
            "extra": {
                "branch-alias": {
                    "dev-master": "0.4.0-dev"
                }
            },
            "autoload": {
                "psr-4": {
                    "Aerys\\": "lib/"
                },
                "files": [
                    "lib/functions.php",
                    "lib/constants.php",
                    "lib/Internal/functions.php"
                ]
            },
            "notification-url": "https://packagist.org/downloads/",
            "license": [
                "MIT"
            ],
            "authors": [
                {
                    "name": "Daniel Lowrey",
                    "email": "rdlowrey@php.net",
                    "role": "Creator / Lead Developer"
                },
                {
                    "name": "Bob Weinand",
                    "role": "Developer / API Coordinator"
                },
                {
                    "name": "Niklas Keller",
                    "role": "Quality Assurance / Developer"
                }
            ],
            "description": "A non-blocking HTTP/Websocket server",
            "homepage": "https://github.com/amphp/aerys",
            "keywords": [
                "aerys",
                "amp",
                "amphp",
                "async",
                "http",
                "non-blocking",
                "server",
                "websocket"
            ],
            "time": "2017-05-11 14:01:02"
        },
        {
            "name": "amphp/amp",
            "version": "dev-master",
            "source": {
                "type": "git",
                "url": "https://github.com/amphp/amp.git",
                "reference": "40299959bf20edd9bdd8a03eeafe0b0508f1334e"
            },
            "dist": {
                "type": "zip",
                "url": "https://api.github.com/repos/amphp/amp/zipball/40299959bf20edd9bdd8a03eeafe0b0508f1334e",
                "reference": "40299959bf20edd9bdd8a03eeafe0b0508f1334e",
                "shasum": ""
            },
            "require": {
                "php": ">=7"
            },
            "require-dev": {
                "amphp/phpunit-util": "dev-master",
                "friendsofphp/php-cs-fixer": "^2.3",
                "phpunit/phpunit": "^6.0.9",
                "react/promise": "^2"
            },
            "type": "library",
            "extra": {
                "branch-alias": {
                    "dev-master": "2.0.x-dev"
                }
            },
            "autoload": {
                "psr-4": {
                    "Amp\\": "lib/"
                },
                "files": [
                    "lib/functions.php",
                    "lib/Internal/functions.php"
                ]
            },
            "notification-url": "https://packagist.org/downloads/",
            "license": [
                "MIT"
            ],
            "authors": [
                {
                    "name": "Bob Weinand",
                    "email": "bobwei9@hotmail.com"
                },
                {
                    "name": "Niklas Keller",
                    "email": "me@kelunik.com"
                },
                {
                    "name": "Daniel Lowrey",
                    "email": "rdlowrey@php.net"
                },
                {
                    "name": "Aaron Piotrowski",
                    "email": "aaron@trowski.com"
                }
            ],
            "description": "A non-blocking concurrency framework for PHP applications",
            "homepage": "https://github.com/amphp/amp",
            "keywords": [
                "async",
                "asynchronous",
                "awaitable",
                "concurrency",
                "event",
                "event-loop",
                "future",
                "non-blocking",
                "promise"
            ],
            "time": "2017-05-13 15:12:03"
        },
        {
            "name": "amphp/byte-stream",
            "version": "dev-master",
            "source": {
                "type": "git",
                "url": "https://github.com/amphp/byte-stream.git",
                "reference": "4f4c9f171c4e2faa018fde8f64c565204ebdaf29"
            },
            "dist": {
                "type": "zip",
                "url": "https://api.github.com/repos/amphp/byte-stream/zipball/4f4c9f171c4e2faa018fde8f64c565204ebdaf29",
                "reference": "4f4c9f171c4e2faa018fde8f64c565204ebdaf29",
                "shasum": ""
            },
            "require": {
                "amphp/amp": "^2.0"
            },
            "require-dev": {
                "amphp/phpunit-util": "dev-master",
                "friendsofphp/php-cs-fixer": "^2.3",
                "phpunit/phpunit": "^6"
            },
            "type": "library",
            "autoload": {
                "psr-4": {
                    "Amp\\ByteStream\\": "lib/"
                },
                "files": [
                    "lib/functions.php"
                ]
            },
            "notification-url": "https://packagist.org/downloads/",
            "license": [
                "MIT"
            ],
            "authors": [
                {
                    "name": "Aaron Piotrowski",
                    "email": "aaron@trowski.com"
                }
            ],
            "description": "Async streams for the amp concurrency framework",
            "homepage": "https://github.com/amphp/byte-stream",
            "keywords": [
                "amp",
                "async",
                "non-blocking",
                "stream"
            ],
            "time": "2017-05-14 12:41:04"
        },
        {
            "name": "amphp/cache",
            "version": "dev-amp_v2",
            "source": {
                "type": "git",
                "url": "https://github.com/amphp/cache.git",
                "reference": "558565a35e9b414298fbbf5784bf5b86b2c18b01"
            },
            "dist": {
                "type": "zip",
                "url": "https://api.github.com/repos/amphp/cache/zipball/558565a35e9b414298fbbf5784bf5b86b2c18b01",
                "reference": "558565a35e9b414298fbbf5784bf5b86b2c18b01",
                "shasum": ""
            },
            "require": {
                "amphp/amp": "dev-master as 2.0"
            },
            "require-dev": {
                "friendsofphp/php-cs-fixer": "~1.9",
                "phpunit/phpunit": "^5"
            },
            "suggest": {
                "amphp/redis": "For redis cache driver support"
            },
            "type": "library",
            "autoload": {
                "psr-4": {
                    "Amp\\Cache\\": "lib/"
                }
            },
            "notification-url": "https://packagist.org/downloads/",
            "license": [
                "MIT"
            ],
            "authors": [
                {
                    "name": "Niklas Keller",
                    "email": "me@kelunik.com"
                },
                {
                    "name": "Daniel Lowrey",
                    "email": "rdlowrey@php.net"
                }
            ],
            "description": "A promise-aware caching API built on the amp concurrency framework",
            "homepage": "https://github.com/amphp/cache",
            "time": "2017-03-17 15:42:09"
        },
        {
            "name": "amphp/dns",
            "version": "dev-amp_v2",
            "source": {
                "type": "git",
                "url": "https://github.com/amphp/dns.git",
                "reference": "20069da691a6665229f9080966f918ed39e2f5c9"
            },
            "dist": {
                "type": "zip",
                "url": "https://api.github.com/repos/amphp/dns/zipball/20069da691a6665229f9080966f918ed39e2f5c9",
                "reference": "20069da691a6665229f9080966f918ed39e2f5c9",
                "shasum": ""
            },
            "require": {
                "amphp/amp": "^2.0",
                "amphp/cache": "dev-amp_v2 as 0.2",
                "amphp/file": "dev-amp_v2 as 0.2",
                "amphp/windows-registry": "dev-amp_v2 as 0.3",
                "daverandom/libdns": "^1",
                "php": ">=7.0"
            },
            "require-dev": {
                "friendsofphp/php-cs-fixer": "^1.9",
                "phpunit/phpunit": "^5.2.8"
            },
            "type": "library",
            "autoload": {
                "psr-4": {
                    "Amp\\Dns\\": "lib"
                },
                "files": [
                    "lib/constants.php",
                    "lib/functions.php"
                ]
            },
            "notification-url": "https://packagist.org/downloads/",
            "license": [
                "MIT"
            ],
            "authors": [
                {
                    "name": "Bob Weinand",
                    "email": "bobwei9@hotmail.com"
                },
                {
                    "name": "Niklas Keller",
                    "email": "me@kelunik.com"
                },
                {
                    "name": "Daniel Lowrey",
                    "email": "rdlowrey@php.net"
                },
                {
                    "name": "Chris Wright",
                    "email": "addr@daverandom.com"
                }
            ],
            "description": "Async DNS resolution built on the amp concurrency framework",
            "homepage": "https://github.com/amphp/dns",
            "keywords": [
                "amp",
                "async",
                "client",
                "dns",
                "resolve"
            ],
            "time": "2017-05-04 22:12:13"
        },
        {
            "name": "amphp/file",
            "version": "dev-amp_v2",
            "source": {
                "type": "git",
                "url": "https://github.com/amphp/file.git",
                "reference": "1f264d949e7ba8bba09a76af26ad03cc3f494197"
            },
            "dist": {
                "type": "zip",
                "url": "https://api.github.com/repos/amphp/file/zipball/1f264d949e7ba8bba09a76af26ad03cc3f494197",
                "reference": "1f264d949e7ba8bba09a76af26ad03cc3f494197",
                "shasum": ""
            },
            "require": {
                "amphp/amp": "dev-master as 2.0"
            },
            "require-dev": {
                "amphp/parallel": "dev-master as 0.1",
                "friendsofphp/php-cs-fixer": "~1.9",
                "phpunit/phpunit": "^5.0"
            },
            "suggest": {
                "amphp/parallel": "Provides async file access without the eio or uv extension."
            },
            "type": "library",
            "extra": {
                "branch-alias": {
                    "dev-master": "0.1.0-dev",
                    "dev-amp_v2": "0.2.0-dev"
                }
            },
            "autoload": {
                "psr-4": {
                    "Amp\\File\\": "lib"
                },
                "files": [
                    "lib/functions.php"
                ]
            },
            "notification-url": "https://packagist.org/downloads/",
            "license": [
                "MIT"
            ],
            "authors": [
                {
                    "name": "Daniel Lowrey",
                    "email": "rdlowrey@php.net"
                },
                {
                    "name": "Aaron Piotrowski",
                    "email": "aaron@trowski.com"
                }
            ],
            "description": "An async filesystem library built on the amp concurrency framework",
            "homepage": "https://github.com/amphp/file",
            "keywords": [
                "amp",
                "amphp",
                "async",
                "disk",
                "file",
                "non-blocking",
                "static"
            ],
            "time": "2017-05-12 15:12:44"
        },
        {
            "name": "amphp/process",
            "version": "dev-amp_v2",
            "source": {
                "type": "git",
                "url": "https://github.com/amphp/process.git",
                "reference": "594a5ef03945da8bf157cbee40d8df341ad13a3e"
            },
            "dist": {
                "type": "zip",
                "url": "https://api.github.com/repos/amphp/process/zipball/594a5ef03945da8bf157cbee40d8df341ad13a3e",
                "reference": "594a5ef03945da8bf157cbee40d8df341ad13a3e",
                "shasum": ""
            },
            "require": {
                "amphp/amp": "dev-master as 2.0"
            },
            "require-dev": {
                "friendsofphp/php-cs-fixer": "~1.9",
                "kelunik/fqn-check": "^0.1.3",
                "phpunit/phpunit": "^5.0"
            },
            "type": "library",
            "autoload": {
                "psr-4": {
                    "Amp\\Process\\": "lib"
                }
            },
            "notification-url": "https://packagist.org/downloads/",
            "license": [
                "MIT"
            ],
            "authors": [
                {
                    "name": "Bob Weinand",
                    "email": "bobwei9@hotmail.com"
                },
                {
                    "name": "Aaron Piotrowski",
                    "email": "aaron@trowski.com"
                }
            ],
            "description": "Asynchronous process manager",
            "homepage": "https://github.com/amphp/process",
            "time": "2017-04-12 23:57:19"
        },
        {
            "name": "amphp/socket",
            "version": "dev-amp_v2",
            "source": {
                "type": "git",
                "url": "https://github.com/amphp/socket.git",
                "reference": "3a7964b3de8d72324a1cb49403d2f9f5be7fc58b"
            },
            "dist": {
                "type": "zip",
                "url": "https://api.github.com/repos/amphp/socket/zipball/3a7964b3de8d72324a1cb49403d2f9f5be7fc58b",
                "reference": "3a7964b3de8d72324a1cb49403d2f9f5be7fc58b",
                "shasum": ""
            },
            "require": {
                "amphp/amp": "dev-master as 2.0",
                "amphp/byte-stream": "dev-master as 0.1",
                "amphp/dns": "dev-amp_v2 as 0.2",
                "php": ">=7.0"
            },
            "require-dev": {
                "friendsofphp/php-cs-fixer": "^2.3",
                "phpunit/phpunit": "^6"
            },
            "type": "library",
            "autoload": {
                "psr-4": {
                    "Amp\\Socket\\": "lib"
                },
                "files": [
                    "lib/functions.php",
                    "lib/Internal/functions.php"
                ]
            },
            "notification-url": "https://packagist.org/downloads/",
            "license": [
                "MIT"
            ],
            "authors": [
                {
                    "name": "Niklas Keller",
                    "email": "me@kelunik.com"
                },
                {
                    "name": "Daniel Lowrey",
                    "email": "rdlowrey@gmail.com"
                },
                {
                    "name": "Aaron Piotrowski",
                    "email": "aaron@trowski.com"
                }
            ],
            "description": "Async socket connection tools for the amp concurrency framework",
            "homepage": "https://github.com/amphp/socket",
            "keywords": [
                "amp",
                "async",
                "encryption",
                "non-blocking",
                "sockets",
                "tcp",
                "tls"
            ],
            "time": "2017-05-13 08:19:37"
        },
        {
            "name": "amphp/windows-registry",
            "version": "dev-amp_v2",
            "source": {
                "type": "git",
                "url": "https://github.com/amphp/windows-registry.git",
                "reference": "8f96a07f75b9ca36931b39665fc92cde2eda97d4"
            },
            "dist": {
                "type": "zip",
                "url": "https://api.github.com/repos/amphp/windows-registry/zipball/8f96a07f75b9ca36931b39665fc92cde2eda97d4",
                "reference": "8f96a07f75b9ca36931b39665fc92cde2eda97d4",
                "shasum": ""
            },
            "require": {
                "amphp/amp": "dev-master as 2.0",
                "amphp/process": "dev-amp_v2 as 0.2"
            },
            "type": "library",
            "autoload": {
                "psr-4": {
                    "Amp\\WindowsRegistry\\": "lib"
                }
            },
            "notification-url": "https://packagist.org/downloads/",
            "license": [
                "MIT"
            ],
            "authors": [
                {
                    "name": "Niklas Keller",
                    "email": "me@kelunik.com"
                }
            ],
            "description": "Windows Registry Reader.",
            "time": "2017-03-17 03:47:16"
        },
        {
            "name": "daverandom/libdns",
            "version": "v1.1.0",
            "source": {
                "type": "git",
                "url": "https://github.com/DaveRandom/LibDNS.git",
                "reference": "67de5497e84d179dffc089c5eb6a1945eb4e9460"
            },
            "dist": {
                "type": "zip",
                "url": "https://api.github.com/repos/DaveRandom/LibDNS/zipball/67de5497e84d179dffc089c5eb6a1945eb4e9460",
                "reference": "67de5497e84d179dffc089c5eb6a1945eb4e9460",
                "shasum": ""
            },
            "require": {
                "php": ">=5.4.0"
            },
            "type": "library",
            "autoload": {
                "psr-4": {
                    "LibDNS\\": "src/"
                }
            },
            "notification-url": "https://packagist.org/downloads/",
            "license": [
                "MIT"
            ],
            "description": "DNS protocol implementation written in pure PHP",
            "keywords": [
                "dns"
            ],
            "time": "2016-04-29 20:47:45"
        },
        {
            "name": "league/climate",
            "version": "3.2.1",
            "source": {
                "type": "git",
                "url": "https://github.com/thephpleague/climate.git",
                "reference": "b103fc8faa3780c802cc507d5f0ff534ecc94fb5"
            },
            "dist": {
                "type": "zip",
                "url": "https://api.github.com/repos/thephpleague/climate/zipball/b103fc8faa3780c802cc507d5f0ff534ecc94fb5",
                "reference": "b103fc8faa3780c802cc507d5f0ff534ecc94fb5",
                "shasum": ""
            },
            "require": {
                "php": ">=5.4.0",
                "seld/cli-prompt": "~1.0"
            },
            "require-dev": {
                "mikey179/vfsstream": "~1.4",
                "mockery/mockery": "~0.9",
                "phpunit/phpunit": "~4.6"
            },
            "type": "library",
            "autoload": {
                "psr-4": {
                    "League\\CLImate\\": "src/"
                }
            },
            "notification-url": "https://packagist.org/downloads/",
            "license": [
                "MIT"
            ],
            "authors": [
                {
                    "name": "Joe Tannenbaum",
                    "email": "hey@joe.codes",
                    "homepage": "http://joe.codes/",
                    "role": "Developer"
                }
            ],
            "description": "PHP's best friend for the terminal. CLImate allows you to easily output colored text, special formats, and more.",
            "keywords": [
                "cli",
                "colors",
                "command",
                "php",
                "terminal"
            ],
            "time": "2016-04-04 20:24:59"
        },
        {
            "name": "nikic/fast-route",
            "version": "v1.2.0",
            "source": {
                "type": "git",
                "url": "https://github.com/nikic/FastRoute.git",
                "reference": "b5f95749071c82a8e0f58586987627054400cdf6"
            },
            "dist": {
                "type": "zip",
                "url": "https://api.github.com/repos/nikic/FastRoute/zipball/b5f95749071c82a8e0f58586987627054400cdf6",
                "reference": "b5f95749071c82a8e0f58586987627054400cdf6",
                "shasum": ""
            },
            "require": {
                "php": ">=5.4.0"
            },
            "type": "library",
            "autoload": {
                "psr-4": {
                    "FastRoute\\": "src/"
                },
                "files": [
                    "src/functions.php"
                ]
            },
            "notification-url": "https://packagist.org/downloads/",
            "license": [
                "BSD-3-Clause"
            ],
            "authors": [
                {
                    "name": "Nikita Popov",
                    "email": "nikic@php.net"
                }
            ],
            "description": "Fast request router for PHP",
            "keywords": [
                "router",
                "routing"
            ],
            "time": "2017-01-19 11:35:12"
        },
        {
            "name": "psr/log",
            "version": "dev-master",
            "source": {
                "type": "git",
                "url": "https://github.com/php-fig/log.git",
                "reference": "4ebe3a8bf773a19edfe0a84b6585ba3d401b724d"
            },
            "dist": {
                "type": "zip",
                "url": "https://api.github.com/repos/php-fig/log/zipball/4ebe3a8bf773a19edfe0a84b6585ba3d401b724d",
                "reference": "4ebe3a8bf773a19edfe0a84b6585ba3d401b724d",
                "shasum": ""
            },
            "require": {
                "php": ">=5.3.0"
            },
            "type": "library",
            "extra": {
                "branch-alias": {
                    "dev-master": "1.0.x-dev"
                }
            },
            "autoload": {
                "psr-4": {
                    "Psr\\Log\\": "Psr/Log/"
                }
            },
            "notification-url": "https://packagist.org/downloads/",
            "license": [
                "MIT"
            ],
            "authors": [
                {
                    "name": "PHP-FIG",
                    "homepage": "http://www.php-fig.org/"
                }
            ],
            "description": "Common interface for logging libraries",
            "homepage": "https://github.com/php-fig/log",
            "keywords": [
                "log",
                "psr",
                "psr-3"
            ],
            "time": "2016-10-10 12:19:37"
        },
        {
            "name": "seld/cli-prompt",
            "version": "dev-master",
            "source": {
                "type": "git",
                "url": "https://github.com/Seldaek/cli-prompt.git",
                "reference": "a19a7376a4689d4d94cab66ab4f3c816019ba8dd"
            },
            "dist": {
                "type": "zip",
                "url": "https://api.github.com/repos/Seldaek/cli-prompt/zipball/a19a7376a4689d4d94cab66ab4f3c816019ba8dd",
                "reference": "a19a7376a4689d4d94cab66ab4f3c816019ba8dd",
                "shasum": ""
            },
            "require": {
                "php": ">=5.3"
            },
            "type": "library",
            "extra": {
                "branch-alias": {
                    "dev-master": "1.x-dev"
                }
            },
            "autoload": {
                "psr-4": {
                    "Seld\\CliPrompt\\": "src/"
                }
            },
            "notification-url": "https://packagist.org/downloads/",
            "license": [
                "MIT"
            ],
            "authors": [
                {
                    "name": "Jordi Boggiano",
                    "email": "j.boggiano@seld.be"
                }
            ],
            "description": "Allows you to prompt for user input on the command line, and optionally hide the characters they type",
            "keywords": [
                "cli",
                "console",
                "hidden",
                "input",
                "prompt"
            ],
            "time": "2017-03-18 11:32:45"
        }
    ],
    "packages-dev": [],
    "aliases": [],
    "minimum-stability": "dev",
    "stability-flags": {
        "amphp/aerys": 20
    },
    "prefer-stable": false,
    "prefer-lowest": false,
    "platform": [],
    "platform-dev": []
}
